
Microsoft Visual Studio Solution File, Format Version 12.00
# Visual Studio Version 16
VisualStudioVersion = 16.0.31112.23
MinimumVisualStudioVersion = 10.0.40219.1
Project("{FAE04EC0-301F-11D3-BF4B-00C04F79EFBC}") = "demosed-465734", "demosed-465734.csproj", "{CA8F1BE5-33A4-407D-A4C1-103206123A62}"
EndProject
Global
	GlobalSection(SolutionConfigurationPlatforms) = preSolution
		Debug|Any CPU = Debug|Any CPU
		Release|Any CPU = Release|Any CPU
	EndGlobalSection
	GlobalSection(ProjectConfigurationPlatforms) = postSolution
		{CA8F1BE5-33A4-407D-A4C1-103206123A62}.Debug|Any CPU.ActiveCfg = Debug|Any CPU
		{CA8F1BE5-33A4-407D-A4C1-103206123A62}.Debug|Any CPU.Build.0 = Debug|Any CPU
		{CA8F1BE5-33A4-407D-A4C1-103206123A62}.Release|Any CPU.ActiveCfg = Release|Any CPU
		{CA8F1BE5-33A4-407D-A4C1-103206123A62}.Release|Any CPU.Build.0 = Release|Any CPU
	EndGlobalSection
	GlobalSection(SolutionProperties) = preSolution
		HideSolutionNode = FALSE
	EndGlobalSection
	GlobalSection(ExtensibilityGlobals) = postSolution
		SolutionGuid = {15A6CCFF-865C-4C05-9E5A-359163E77ADD}
	EndGlobalSection
EndGlobal
